
Microsoft Visual Studio Solution File, Format Version 12.00
# Visual Studio 15
VisualStudioVersion = 15.0.27703.2042
MinimumVisualStudioVersion = 10.0.40219.1
Project("{FAE04EC0-301F-11D3-BF4B-00C04F79EFBC}") = "WebAPI", "WebAPI\WebAPI.csproj", "{7BDAEEAB-A983-470B-B311-90B255395D9C}"
EndProject
Project("{FAE04EC0-301F-11D3-BF4B-00C04F79EFBC}") = "MVC", "MVC\MVC.csproj", "{DEF52ED8-1425-443B-A00F-44BD2F37555D}"
EndProject
Global
	GlobalSection(SolutionConfigurationPlatforms) = preSolution
		Debug|Any CPU = Debug|Any CPU
		Release|Any CPU = Release|Any CPU
	EndGlobalSection
	GlobalSection(ProjectConfigurationPlatforms) = postSolution
		{7BDAEEAB-A983-470B-B311-90B255395D9C}.Debug|Any CPU.ActiveCfg = Debug|Any CPU
		{7BDAEEAB-A983-470B-B311-90B255395D9C}.Debug|Any CPU.Build.0 = Debug|Any CPU
		{7BDAEEAB-A983-470B-B311-90B255395D9C}.Release|Any CPU.ActiveCfg = Release|Any CPU
		{7BDAEEAB-A983-470B-B311-90B255395D9C}.Release|Any CPU.Build.0 = Release|Any CPU
		{DEF52ED8-1425-443B-A00F-44BD2F37555D}.Debug|Any CPU.ActiveCfg = Debug|Any CPU
		{DEF52ED8-1425-443B-A00F-44BD2F37555D}.Debug|Any CPU.Build.0 = Debug|Any CPU
		{DEF52ED8-1425-443B-A00F-44BD2F37555D}.Release|Any CPU.ActiveCfg = Release|Any CPU
		{DEF52ED8-1425-443B-A00F-44BD2F37555D}.Release|Any CPU.Build.0 = Release|Any CPU
	EndGlobalSection
	GlobalSection(SolutionProperties) = preSolution
		HideSolutionNode = FALSE
	EndGlobalSection
	GlobalSection(ExtensibilityGlobals) = postSolution
		SolutionGuid = {42D355AE-E943-4907-8517-BC9368B3195A}
	EndGlobalSection
EndGlobal
